// !$*UTF8*$!
{
	archiveVersion = 1;
	classes = {
	};
	objectVersion = 46;
	objects = {

/* Begin PBXBuildFile section */
		D76166521F1F0FCF0045CEC5 /* main.m in Sources */ = {isa = PBXBuildFile; fileRef = D76166511F1F0FCF0045CEC5 /* main.m */; };
		D76166551F1F0FCF0045CEC5 /* AppDelegate.m in Sources */ = {isa = PBXBuildFile; fileRef = D76166541F1F0FCF0045CEC5 /* AppDelegate.m */; };
		D76166581F1F0FCF0045CEC5 /* ViewController.m in Sources */ = {isa = PBXBuildFile; fileRef = D76166571F1F0FCF0045CEC5 /* ViewController.m */; };
		D761665B1F1F0FCF0045CEC5 /* Main.storyboard in Resources */ = {isa = PBXBuildFile; fileRef = D76166591F1F0FCF0045CEC5 /* Main.storyboard */; };
		D761665E1F1F0FCF0045CEC5 /* SMS.xcdatamodeld in Sources */ = {isa = PBXBuildFile; fileRef = D761665C1F1F0FCF0045CEC5 /* SMS.xcdatamodeld */; };
		D76166601F1F0FCF0045CEC5 /* Assets.xcassets in Resources */ = {isa = PBXBuildFile; fileRef = D761665F1F1F0FCF0045CEC5 /* Assets.xcassets */; };
		D76166631F1F0FCF0045CEC5 /* LaunchScreen.storyboard in Resources */ = {isa = PBXBuildFile; fileRef = D76166611F1F0FCF0045CEC5 /* LaunchScreen.storyboard */; };
		D761666E1F1F10420045CEC5 /* NewUsersViewController.m in Sources */ = {isa = PBXBuildFile; fileRef = D761666B1F1F10420045CEC5 /* NewUsersViewController.m */; };
		D761666F1F1F10420045CEC5 /* UsersTableViewCell.m in Sources */ = {isa = PBXBuildFile; fileRef = D761666D1F1F10420045CEC5 /* UsersTableViewCell.m */; };
		D76166731F1F3E430045CEC5 /* DBManager.m in Sources */ = {isa = PBXBuildFile; fileRef = D76166721F1F3E430045CEC5 /* DBManager.m */; };
		D761667C1F1FBF9C0045CEC5 /* MessageUI.framework in Frameworks */ = {isa = PBXBuildFile; fileRef = D761667B1F1FBF9C0045CEC5 /* MessageUI.framework */; };
/* End PBXBuildFile section */

/* Begin PBXFileReference section */
		D761664D1F1F0FCF0045CEC5 /* SMS.app */ = {isa = PBXFileReference; explicitFileType = wrapper.application; includeInIndex = 0; path = SMS.app; sourceTree = BUILT_PRODUCTS_DIR; };
		D76166511F1F0FCF0045CEC5 /* main.m */ = {isa = PBXFileReference; lastKnownFileType = sourcecode.c.objc; path = main.m; sourceTree = "<group>"; };
		D76166531F1F0FCF0045CEC5 /* AppDelegate.h */ = {isa = PBXFileReference; lastKnownFileType = sourcecode.c.h; path = AppDelegate.h; sourceTree = "<group>"; };
		D76166541F1F0FCF0045CEC5 /* AppDelegate.m */ = {isa = PBXFileReference; lastKnownFileType = sourcecode.c.objc; path = AppDelegate.m; sourceTree = "<group>"; };
		D76166561F1F0FCF0045CEC5 /* ViewController.h */ = {isa = PBXFileReference; lastKnownFileType = sourcecode.c.h; path = ViewController.h; sourceTree = "<group>"; };
		D76166571F1F0FCF0045CEC5 /* ViewController.m */ = {isa = PBXFileReference; lastKnownFileType = sourcecode.c.objc; path = ViewController.m; sourceTree = "<group>"; };
		D761665A1F1F0FCF0045CEC5 /* Base */ = {isa = PBXFileReference; lastKnownFileType = file.storyboard; name = Base; path = Base.lproj/Main.storyboard; sourceTree = "<group>"; };
		D761665D1F1F0FCF0045CEC5 /* SMS.xcdatamodel */ = {isa = PBXFileReference; lastKnownFileType = wrapper.xcdatamodel; path = SMS.xcdatamodel; sourceTree = "<group>"; };
		D761665F1F1F0FCF0045CEC5 /* Assets.xcassets */ = {isa = PBXFileReference; lastKnownFileType = folder.assetcatalog; path = Assets.xcassets; sourceTree = "<group>"; };
		D76166621F1F0FCF0045CEC5 /* Base */ = {isa = PBXFileReference; lastKnownFileType = file.storyboard; name = Base; path = Base.lproj/LaunchScreen.storyboard; sourceTree = "<group>"; };
		D76166641F1F0FCF0045CEC5 /* Info.plist */ = {isa = PBXFileReference; lastKnownFileType = text.plist.xml; path = Info.plist; sourceTree = "<group>"; };
		D761666A1F1F10420045CEC5 /* NewUsersViewController.h */ = {isa = PBXFileReference; fileEncoding = 4; lastKnownFileType = sourcecode.c.h; path = NewUsersViewController.h; sourceTree = "<group>"; };
		D761666B1F1F10420045CEC5 /* NewUsersViewController.m */ = {isa = PBXFileReference; fileEncoding = 4; lastKnownFileType = sourcecode.c.objc; path = NewUsersViewController.m; sourceTree = "<group>"; };
		D761666C1F1F10420045CEC5 /* UsersTableViewCell.h */ = {isa = PBXFileReference; fileEncoding = 4; lastKnownFileType = sourcecode.c.h; path = UsersTableViewCell.h; sourceTree = "<group>"; };
		D761666D1F1F10420045CEC5 /* UsersTableViewCell.m */ = {isa = PBXFileReference; fileEncoding = 4; lastKnownFileType = sourcecode.c.objc; path = UsersTableViewCell.m; sourceTree = "<group>"; };
		D76166711F1F3E430045CEC5 /* DBManager.h */ = {isa = PBXFileReference; fileEncoding = 4; lastKnownFileType = sourcecode.c.h; name = DBManager.h; path = DB/DBManager.h; sourceTree = "<group>"; };
		D76166721F1F3E430045CEC5 /* DBManager.m */ = {isa = PBXFileReference; fileEncoding = 4; lastKnownFileType = sourcecode.c.objc; name = DBManager.m; path = DB/DBManager.m; sourceTree = "<group>"; };
		D76166741F1F46E80045CEC5 /* Users+CoreDataClass.h */ = {isa = PBXFileReference; fileEncoding = 4; lastKnownFileType = sourcecode.c.h; name = "Users+CoreDataClass.h"; path = "DB/Users+CoreDataClass.h"; sourceTree = "<group>"; };
		D76166751F1F46E80045CEC5 /* Users+CoreDataClass.m */ = {isa = PBXFileReference; fileEncoding = 4; lastKnownFileType = sourcecode.c.objc; name = "Users+CoreDataClass.m"; path = "DB/Users+CoreDataClass.m"; sourceTree = "<group>"; };
		D76166761F1F46E80045CEC5 /* Users+CoreDataProperties.h */ = {isa = PBXFileReference; fileEncoding = 4; lastKnownFileType = sourcecode.c.h; name = "Users+CoreDataProperties.h"; path = "DB/Users+CoreDataProperties.h"; sourceTree = "<group>"; };
		D76166771F1F46E80045CEC5 /* Users+CoreDataProperties.m */ = {isa = PBXFileReference; fileEncoding = 4; lastKnownFileType = sourcecode.c.objc; name = "Users+CoreDataProperties.m"; path = "DB/Users+CoreDataProperties.m"; sourceTree = "<group>"; };
		D761667B1F1FBF9C0045CEC5 /* MessageUI.framework */ = {isa = PBXFileReference; lastKnownFileType = wrapper.framework; name = MessageUI.framework; path = System/Library/Frameworks/MessageUI.framework; sourceTree = SDKROOT; };
/* End PBXFileReference section */

/* Begin PBXFrameworksBuildPhase section */
		D761664A1F1F0FCF0045CEC5 /* Frameworks */ = {
			isa = PBXFrameworksBuildPhase;
			buildActionMask = 2147483647;
			files = (
				D761667C1F1FBF9C0045CEC5 /* MessageUI.framework in Frameworks */,
			);
			runOnlyForDeploymentPostprocessing = 0;
		};
/* End PBXFrameworksBuildPhase section */

/* Begin PBXGroup section */
		D76166441F1F0FCF0045CEC5 = {
			isa = PBXGroup;
			children = (
				D761664F1F1F0FCF0045CEC5 /* SMS */,
				D761664E1F1F0FCF0045CEC5 /* Products */,
				D761667A1F1FBF9C0045CEC5 /* Frameworks */,
			);
			sourceTree = "<group>";
		};
		D761664E1F1F0FCF0045CEC5 /* Products */ = {
			isa = PBXGroup;
			children = (
				D761664D1F1F0FCF0045CEC5 /* SMS.app */,
			);
			name = Products;
			sourceTree = "<group>";
		};
		D761664F1F1F0FCF0045CEC5 /* SMS */ = {
			isa = PBXGroup;
			children = (
				D76166701F1F3E0F0045CEC5 /* DB */,
				D761666A1F1F10420045CEC5 /* NewUsersViewController.h */,
				D761666B1F1F10420045CEC5 /* NewUsersViewController.m */,
				D761666C1F1F10420045CEC5 /* UsersTableViewCell.h */,
				D761666D1F1F10420045CEC5 /* UsersTableViewCell.m */,
				D76166531F1F0FCF0045CEC5 /* AppDelegate.h */,
				D76166541F1F0FCF0045CEC5 /* AppDelegate.m */,
				D76166561F1F0FCF0045CEC5 /* ViewController.h */,
				D76166571F1F0FCF0045CEC5 /* ViewController.m */,
				D76166591F1F0FCF0045CEC5 /* Main.storyboard */,
				D761665F1F1F0FCF0045CEC5 /* Assets.xcassets */,
				D76166611F1F0FCF0045CEC5 /* LaunchScreen.storyboard */,
				D76166641F1F0FCF0045CEC5 /* Info.plist */,
				D761665C1F1F0FCF0045CEC5 /* SMS.xcdatamodeld */,
				D76166501F1F0FCF0045CEC5 /* Supporting Files */,
			);
			path = SMS;
			sourceTree = "<group>";
		};
		D76166501F1F0FCF0045CEC5 /* Supporting Files */ = {
			isa = PBXGroup;
			children = (
				D76166511F1F0FCF0045CEC5 /* main.m */,
			);
			name = "Supporting Files";
			sourceTree = "<group>";
		};
		D76166701F1F3E0F0045CEC5 /* DB */ = {
			isa = PBXGroup;
			children = (
				D76166741F1F46E80045CEC5 /* Users+CoreDataClass.h */,
				D76166751F1F46E80045CEC5 /* Users+CoreDataClass.m */,
				D76166761F1F46E80045CEC5 /* Users+CoreDataProperties.h */,
				D76166771F1F46E80045CEC5 /* Users+CoreDataProperties.m */,
				D76166711F1F3E430045CEC5 /* DBManager.h */,
				D76166721F1F3E430045CEC5 /* DBManager.m */,
			);
			name = DB;
			sourceTree = "<group>";
		};
		D761667A1F1FBF9C0045CEC5 /* Frameworks */ = {
			isa = PBXGroup;
			children = (
				D761667B1F1FBF9C0045CEC5 /* MessageUI.framework */,
			);
			name = Frameworks;
			sourceTree = "<group>";
		};
/* End PBXGroup section */

/* Begin PBXNativeTarget section */
		D761664C1F1F0FCF0045CEC5 /* SMS */ = {
			isa = PBXNativeTarget;
			buildConfigurationList = D76166671F1F0FCF0045CEC5 /* Build configuration list for PBXNativeTarget "SMS" */;
			buildPhases = (
				D76166491F1F0FCF0045CEC5 /* Sources */,
				D761664A1F1F0FCF0045CEC5 /* Frameworks */,
				D761664B1F1F0FCF0045CEC5 /* Resources */,
			);
			buildRules = (
			);
			dependencies = (
			);
			name = SMS;
			productName = SMS;
			productReference = D761664D1F1F0FCF0045CEC5 /* SMS.app */;
			productType = "com.apple.product-type.application";
		};
/* End PBXNativeTarget section */

/* Begin PBXProject section */
		D76166451F1F0FCF0045CEC5 /* Project object */ = {
			isa = PBXProject;
			attributes = {
				LastUpgradeCheck = 0830;
				ORGANIZATIONNAME = Dev;
				TargetAttributes = {
					D761664C1F1F0FCF0045CEC5 = {
						CreatedOnToolsVersion = 8.3;
						DevelopmentTeam = ULUVMR633L;
						ProvisioningStyle = Manual;
					};
				};
			};
			buildConfigurationList = D76166481F1F0FCF0045CEC5 /* Build configuration list for PBXProject "SMS" */;
			compatibilityVersion = "Xcode 3.2";
			developmentRegion = English;
			hasScannedForEncodings = 0;
			knownRegions = (
				en,
				Base,
			);
			mainGroup = D76166441F1F0FCF0045CEC5;
			productRefGroup = D761664E1F1F0FCF0045CEC5 /* Products */;
			projectDirPath = "";
			projectRoot = "";
			targets = (
				D761664C1F1F0FCF0045CEC5 /* SMS */,
			);
		};
/* End PBXProject section */

/* Begin PBXResourcesBuildPhase section */
		D761664B1F1F0FCF0045CEC5 /* Resources */ = {
			isa = PBXResourcesBuildPhase;
			buildActionMask = 2147483647;
			files = (
				D76166631F1F0FCF0045CEC5 /* LaunchScreen.storyboard in Resources */,
				D76166601F1F0FCF0045CEC5 /* Assets.xcassets in Resources */,
				D761665B1F1F0FCF0045CEC5 /* Main.storyboard in Resources */,
			);
			runOnlyForDeploymentPostprocessing = 0;
		};
/* End PBXResourcesBuildPhase section */

/* Begin PBXSourcesBuildPhase section */
		D76166491F1F0FCF0045CEC5 /* Sources */ = {
			isa = PBXSourcesBuildPhase;
			buildActionMask = 2147483647;
			files = (
				D76166731F1F3E430045CEC5 /* DBManager.m in Sources */,
				D761666E1F1F10420045CEC5 /* NewUsersViewController.m in Sources */,
				D76166581F1F0FCF0045CEC5 /* ViewController.m in Sources */,
				D761666F1F1F10420045CEC5 /* UsersTableViewCell.m in Sources */,
				D76166551F1F0FCF0045CEC5 /* AppDelegate.m in Sources */,
				D76166521F1F0FCF0045CEC5 /* main.m in Sources */,
				D761665E1F1F0FCF0045CEC5 /* SMS.xcdatamodeld in Sources */,
			);
			runOnlyForDeploymentPostprocessing = 0;
		};
/* End PBXSourcesBuildPhase section */

/* Begin PBXVariantGroup section */
		D76166591F1F0FCF0045CEC5 /* Main.storyboard */ = {
			isa = PBXVariantGroup;
			children = (
				D761665A1F1F0FCF0045CEC5 /* Base */,
			);
			name = Main.storyboard;
			sourceTree = "<group>";
		};
		D76166611F1F0FCF0045CEC5 /* LaunchScreen.storyboard */ = {
			isa = PBXVariantGroup;
			children = (
				D76166621F1F0FCF0045CEC5 /* Base */,
			);
			name = LaunchScreen.storyboard;
			sourceTree = "<group>";
		};
/* End PBXVariantGroup section */

/* Begin XCBuildConfiguration section */
		D76166651F1F0FCF0045CEC5 /* Debug */ = {
			isa = XCBuildConfiguration;
			buildSettings = {
				ALWAYS_SEARCH_USER_PATHS = NO;
				CLANG_ANALYZER_NONNULL = YES;
				CLANG_ANALYZER_NUMBER_OBJECT_CONVERSION = YES_AGGRESSIVE;
				CLANG_CXX_LANGUAGE_STANDARD = "gnu++0x";
				CLANG_CXX_LIBRARY = "libc++";
				CLANG_ENABLE_MODULES = YES;
				CLANG_ENABLE_OBJC_ARC = YES;
				CLANG_WARN_BOOL_CONVERSION = YES;
				CLANG_WARN_CONSTANT_CONVERSION = YES;
				CLANG_WARN_DIRECT_OBJC_ISA_USAGE = YES_ERROR;
				CLANG_WARN_DOCUMENTATION_COMMENTS = YES;
				CLANG_WARN_EMPTY_BODY = YES;
				CLANG_WARN_ENUM_CONVERSION = YES;
				CLANG_WARN_INFINITE_RECURSION = YES;
				CLANG_WARN_INT_CONVERSION = YES;
				CLANG_WARN_OBJC_ROOT_CLASS = YES_ERROR;
				CLANG_WARN_SUSPICIOUS_MOVE = YES;
				CLANG_WARN_UNREACHABLE_CODE = YES;
				CLANG_WARN__DUPLICATE_METHOD_MATCH = YES;
				"CODE_SIGN_IDENTITY[sdk=iphoneos*]" = "iPhone Developer";
				COPY_PHASE_STRIP = NO;
				DEBUG_INFORMATION_FORMAT = dwarf;
				ENABLE_STRICT_OBJC_MSGSEND = YES;
				ENABLE_TESTABILITY = YES;
				GCC_C_LANGUAGE_STANDARD = gnu99;
				GCC_DYNAMIC_NO_PIC = NO;
				GCC_NO_COMMON_BLOCKS = YES;
				GCC_OPTIMIZATION_LEVEL = 0;
				GCC_PREPROCESSOR_DEFINITIONS = (
					"DEBUG=1",
					"$(inherited)",
				);
				GCC_WARN_64_TO_32_BIT_CONVERSION = YES;
				GCC_WARN_ABOUT_RETURN_TYPE = YES_ERROR;
				GCC_WARN_UNDECLARED_SELECTOR = YES;
				GCC_WARN_UNINITIALIZED_AUTOS = YES_AGGRESSIVE;
				GCC_WARN_UNUSED_FUNCTION = YES;
				GCC_WARN_UNUSED_VARIABLE = YES;
				IPHONEOS_DEPLOYMENT_TARGET = 10.3;
				MTL_ENABLE_DEBUG_INFO = YES;
				ONLY_ACTIVE_ARCH = YES;
				SDKROOT = iphoneos;
			};
			name = Debug;
		};
		D76166661F1F0FCF0045CEC5 /* Release */ = {
			isa = XCBuildConfiguration;
			buildSettings = {
				ALWAYS_SEARCH_USER_PATHS = NO;
				CLANG_ANALYZER_NONNULL = YES;
				CLANG_ANALYZER_NUMBER_OBJECT_CONVERSION = YES_AGGRESSIVE;
				CLANG_CXX_LANGUAGE_STANDARD = "gnu++0x";
				CLANG_CXX_LIBRARY = "libc++";
				CLANG_ENABLE_MODULES = YES;
				CLANG_ENABLE_OBJC_ARC = YES;
				CLANG_WARN_BOOL_CONVERSION = YES;
				CLANG_WARN_CONSTANT_CONVERSION = YES;
				CLANG_WARN_DIRECT_OBJC_ISA_USAGE = YES_ERROR;
				CLANG_WARN_DOCUMENTATION_COMMENTS = YES;
				CLANG_WARN_EMPTY_BODY = YES;
				CLANG_WARN_ENUM_CONVERSION = YES;
				CLANG_WARN_INFINITE_RECURSION = YES;
				CLANG_WARN_INT_CONVERSION = YES;
				CLANG_WARN_OBJC_ROOT_CLASS = YES_ERROR;
				CLANG_WARN_SUSPICIOUS_MOVE = YES;
				CLANG_WARN_UNREACHABLE_CODE = YES;
				CLANG_WARN__DUPLICATE_METHOD_MATCH = YES;
				"CODE_SIGN_IDENTITY[sdk=iphoneos*]" = "iPhone Developer";
				COPY_PHASE_STRIP = NO;
				DEBUG_INFORMATION_FORMAT = "dwarf-with-dsym";
				ENABLE_NS_ASSERTIONS = NO;
				ENABLE_STRICT_OBJC_MSGSEND = YES;
				GCC_C_LANGUAGE_STANDARD = gnu99;
				GCC_NO_COMMON_BLOCKS = YES;
				GCC_WARN_64_TO_32_BIT_CONVERSION = YES;
				GCC_WARN_ABOUT_RETURN_TYPE = YES_ERROR;
				GCC_WARN_UNDECLARED_SELECTOR = YES;
				GCC_WARN_UNINITIALIZED_AUTOS = YES_AGGRESSIVE;
				GCC_WARN_UNUSED_FUNCTION = YES;
				GCC_WARN_UNUSED_VARIABLE = YES;
				IPHONEOS_DEPLOYMENT_TARGET = 10.3;
				MTL_ENABLE_DEBUG_INFO = NO;
				SDKROOT = iphoneos;
				VALIDATE_PRODUCT = YES;
			};
			name = Release;
		};
		D76166681F1F0FCF0045CEC5 /* Debug */ = {
			isa = XCBuildConfiguration;
			buildSettings = {
				ASSETCATALOG_COMPILER_APPICON_NAME = AppIcon;
				"CODE_SIGN_IDENTITY[sdk=iphoneos*]" = "iPhone Distribution";
				DEVELOPMENT_TEAM = ULUVMR633L;
				INFOPLIST_FILE = SMS/Info.plist;
				LD_RUNPATH_SEARCH_PATHS = "$(inherited) @executable_path/Frameworks";
				PRODUCT_BUNDLE_IDENTIFIER = test.sms.SMS;
				PRODUCT_NAME = "$(TARGET_NAME)";
				PROVISIONING_PROFILE = "2cb501be-220c-4aa5-ab56-c87280220a71";
				PROVISIONING_PROFILE_SPECIFIER = Test_Dest;
			};
			name = Debug;
		};
		D76166691F1F0FCF0045CEC5 /* Release */ = {
			isa = XCBuildConfiguration;
			buildSettings = {
				ASSETCATALOG_COMPILER_APPICON_NAME = AppIcon;
				"CODE_SIGN_IDENTITY[sdk=iphoneos*]" = "iPhone Distribution";
				DEVELOPMENT_TEAM = ULUVMR633L;
				INFOPLIST_FILE = SMS/Info.plist;
				LD_RUNPATH_SEARCH_PATHS = "$(inherited) @executable_path/Frameworks";
				PRODUCT_BUNDLE_IDENTIFIER = test.sms.SMS;
				PRODUCT_NAME = "$(TARGET_NAME)";
				PROVISIONING_PROFILE = "2cb501be-220c-4aa5-ab56-c87280220a71";
				PROVISIONING_PROFILE_SPECIFIER = Test_Dest;
			};
			name = Release;
		};
/* End XCBuildConfiguration section */

/* Begin XCConfigurationList section */
		D76166481F1F0FCF0045CEC5 /* Build configuration list for PBXProject "SMS" */ = {
			isa = XCConfigurationList;
			buildConfigurations = (
				D76166651F1F0FCF0045CEC5 /* Debug */,
				D76166661F1F0FCF0045CEC5 /* Release */,
			);
			defaultConfigurationIsVisible = 0;
			defaultConfigurationName = Release;
		};
		D76166671F1F0FCF0045CEC5 /* Build configuration list for PBXNativeTarget "SMS" */ = {
			isa = XCConfigurationList;
			buildConfigurations = (
				D76166681F1F0FCF0045CEC5 /* Debug */,
				D76166691F1F0FCF0045CEC5 /* Release */,
			);
			defaultConfigurationIsVisible = 0;
			defaultConfigurationName = Release;
		};
/* End XCConfigurationList section */

/* Begin XCVersionGroup section */
		D761665C1F1F0FCF0045CEC5 /* SMS.xcdatamodeld */ = {
			isa = XCVersionGroup;
			children = (
				D761665D1F1F0FCF0045CEC5 /* SMS.xcdatamodel */,
			);
			currentVersion = D761665D1F1F0FCF0045CEC5 /* SMS.xcdatamodel */;
			path = SMS.xcdatamodeld;
			sourceTree = "<group>";
			versionGroupType = wrapper.xcdatamodel;
		};
/* End XCVersionGroup section */
	};
	rootObject = D76166451F1F0FCF0045CEC5 /* Project object */;
}
